
Microsoft Visual Studio Solution File, Format Version 12.00
# Visual Studio 15
VisualStudioVersion = 15.0.28010.2026
MinimumVisualStudioVersion = 10.0.40219.1
Project("{00D1A9C2-B5F0-4AF3-8072-F6C62B433612}") = "Epicor export", "Epicor export\Epicor export.sqlproj", "{701625B8-4EE8-45BC-98FB-9A75359285F9}"
EndProject
Global
	GlobalSection(SolutionConfigurationPlatforms) = preSolution
		Debug|Any CPU = Debug|Any CPU
		Release|Any CPU = Release|Any CPU
	EndGlobalSection
	GlobalSection(ProjectConfigurationPlatforms) = postSolution
		{701625B8-4EE8-45BC-98FB-9A75359285F9}.Debug|Any CPU.ActiveCfg = Debug|Any CPU
		{701625B8-4EE8-45BC-98FB-9A75359285F9}.Debug|Any CPU.Build.0 = Debug|Any CPU
		{701625B8-4EE8-45BC-98FB-9A75359285F9}.Debug|Any CPU.Deploy.0 = Debug|Any CPU
		{701625B8-4EE8-45BC-98FB-9A75359285F9}.Release|Any CPU.ActiveCfg = Release|Any CPU
		{701625B8-4EE8-45BC-98FB-9A75359285F9}.Release|Any CPU.Build.0 = Release|Any CPU
		{701625B8-4EE8-45BC-98FB-9A75359285F9}.Release|Any CPU.Deploy.0 = Release|Any CPU
	EndGlobalSection
	GlobalSection(SolutionProperties) = preSolution
		HideSolutionNode = FALSE
	EndGlobalSection
	GlobalSection(ExtensibilityGlobals) = postSolution
		SolutionGuid = {D3ADA851-1F18-427F-B33D-5E500F8CE618}
	EndGlobalSection
EndGlobal
